// !$*UTF8*$!
{
	archiveVersion = 1;
	classes = {
	};
	objectVersion = 54;
	objects = {

/* Begin PBXBuildFile section */
		00E356F31AD99517003FC87E /* AwesomeProjectTests.m in Sources */ = {isa = PBXBuildFile; fileRef = 00E356F21AD99517003FC87E /* AwesomeProjectTests.m */; };
		0C80B921A6F3F58F76C31292 /* libPods-AwesomeProject.a in Frameworks */ = {isa = PBXBuildFile; fileRef = 5DCACB8F33CDC322A6C60F78 /* libPods-AwesomeProject.a */; };
		13B07FBC1A68108700A75B9A /* AppDelegate.mm in Sources */ = {isa = PBXBuildFile; fileRef = 13B07FB01A68108700A75B9A /* AppDelegate.mm */; };
		13B07FBF1A68108700A75B9A /* Images.xcassets in Resources */ = {isa = PBXBuildFile; fileRef = 13B07FB51A68108700A75B9A /* Images.xcassets */; };
		13B07FC11A68108700A75B9A /* main.m in Sources */ = {isa = PBXBuildFile; fileRef = 13B07FB71A68108700A75B9A /* main.m */; };
		7699B88040F8A987B510C191 /* libPods-AwesomeProject-AwesomeProjectTests.a in Frameworks */ = {isa = PBXBuildFile; fileRef = 19F6CBCC0A4E27FBF8BF4A61 /* libPods-AwesomeProject-AwesomeProjectTests.a */; };
		81AB9BB82411601600AC10FF /* LaunchScreen.storyboard in Resources */ = {isa = PBXBuildFile; fileRef = 81AB9BB72411601600AC10FF /* LaunchScreen.storyboard */; };
		78272830D3D844599CB24CBC /* SignikaNegative-VariableFont_wght.ttf in Resources */ = {isa = PBXBuildFile; fileRef = D399F0FBAF6C4FFEB6F50A17 /* SignikaNegative-VariableFont_wght.ttf */; };
		3821BBED2C2A4838B8AE1542 /* Ubuntu-Bold.ttf in Resources */ = {isa = PBXBuildFile; fileRef = D43E6B7DE5E64CF888F1E355 /* Ubuntu-Bold.ttf */; };
		7990EC395503451AAFBBCC3F /* Ubuntu-BoldItalic.ttf in Resources */ = {isa = PBXBuildFile; fileRef = D7CE41C679F74D3297781501 /* Ubuntu-BoldItalic.ttf */; };
		F89BCF15B12A4515BD563C8B /* Ubuntu-Italic.ttf in Resources */ = {isa = PBXBuildFile; fileRef = FF054A5CAF5A47E9842580DF /* Ubuntu-Italic.ttf */; };
		8197035F0464433F864608C0 /* Ubuntu-Light.ttf in Resources */ = {isa = PBXBuildFile; fileRef = 620CB655880541A594227EE8 /* Ubuntu-Light.ttf */; };
		837C8CD9C1C54E10B1F8B968 /* Ubuntu-LightItalic.ttf in Resources */ = {isa = PBXBuildFile; fileRef = 6829BDC1352B456DB2D996EF /* Ubuntu-LightItalic.ttf */; };
		81D7AF55E48E44278DCF8299 /* Ubuntu-Medium.ttf in Resources */ = {isa = PBXBuildFile; fileRef = 9F828D1D62874E98BF0DD9C0 /* Ubuntu-Medium.ttf */; };
		6F00AE3FBBE24FD3B10C1C6A /* Ubuntu-MediumItalic.ttf in Resources */ = {isa = PBXBuildFile; fileRef = 8F811F01B4DE429C85033C4F /* Ubuntu-MediumItalic.ttf */; };
		68CF8032B49B4015A89B3AB6 /* Ubuntu-Regular.ttf in Resources */ = {isa = PBXBuildFile; fileRef = 5947D05F3A8D4A64A206AFEA /* Ubuntu-Regular.ttf */; };
		1F8843ED4B8D4A50B4ABBF4A /* PlayfairDisplay-Black.ttf in Resources */ = {isa = PBXBuildFile; fileRef = 0485C078509E4C83BF204BB5 /* PlayfairDisplay-Black.ttf */; };
		64A98B9007354B89B26E4095 /* PlayfairDisplay-BlackItalic.ttf in Resources */ = {isa = PBXBuildFile; fileRef = F6ED6CDD58464B509EEC1129 /* PlayfairDisplay-BlackItalic.ttf */; };
		4D17617286DA4596A07F6D9D /* PlayfairDisplay-Bold.ttf in Resources */ = {isa = PBXBuildFile; fileRef = E05C652B06794B6B8A6249F5 /* PlayfairDisplay-Bold.ttf */; };
		D1DDB38B5B204B4FAFF73DDE /* PlayfairDisplay-BoldItalic.ttf in Resources */ = {isa = PBXBuildFile; fileRef = 9B973A7211784945AB3FAA7E /* PlayfairDisplay-BoldItalic.ttf */; };
		AA1BF561712B4073A6052E7C /* PlayfairDisplay-ExtraBold.ttf in Resources */ = {isa = PBXBuildFile; fileRef = 82B9B839B719421EBD8C0E24 /* PlayfairDisplay-ExtraBold.ttf */; };
		A857283365894EBAB0D07DD4 /* PlayfairDisplay-ExtraBoldItalic.ttf in Resources */ = {isa = PBXBuildFile; fileRef = 99C3022D5D004D21A99EA9D1 /* PlayfairDisplay-ExtraBoldItalic.ttf */; };
		C7C9020E66C34960B737BCE4 /* PlayfairDisplay-Italic.ttf in Resources */ = {isa = PBXBuildFile; fileRef = FA42AEB007344353B0627BCD /* PlayfairDisplay-Italic.ttf */; };
		11761D57550C486B9CEB0864 /* PlayfairDisplay-Medium.ttf in Resources */ = {isa = PBXBuildFile; fileRef = 1CD75F5A99E74F5580E60048 /* PlayfairDisplay-Medium.ttf */; };
		6FFA2A6857714C3C8AC4912C /* PlayfairDisplay-MediumItalic.ttf in Resources */ = {isa = PBXBuildFile; fileRef = CC39DBA6E0F141A687750858 /* PlayfairDisplay-MediumItalic.ttf */; };
		EAE39FDFF6D6442CAB91A5E1 /* PlayfairDisplay-Regular.ttf in Resources */ = {isa = PBXBuildFile; fileRef = 736D5D048D7F448A9A714F45 /* PlayfairDisplay-Regular.ttf */; };
		F48805478EE8436C822FEB1B /* PlayfairDisplay-SemiBold.ttf in Resources */ = {isa = PBXBuildFile; fileRef = 213B30B8FD5A409EA65B5D33 /* PlayfairDisplay-SemiBold.ttf */; };
		1EDF0A0EB3044CC69C8918BC /* PlayfairDisplay-SemiBoldItalic.ttf in Resources */ = {isa = PBXBuildFile; fileRef = 191158ADE2624593929DEFA5 /* PlayfairDisplay-SemiBoldItalic.ttf */; };
		40F5967459D344B2AC8D318C /* Piazzolla-Black.ttf in Resources */ = {isa = PBXBuildFile; fileRef = DDF2BFFC5F014F75ACB0F6D4 /* Piazzolla-Black.ttf */; };
		B486B1CACF444BA3A8365610 /* Piazzolla-BlackItalic.ttf in Resources */ = {isa = PBXBuildFile; fileRef = 2B8616893071489692587EDC /* Piazzolla-BlackItalic.ttf */; };
		F76918026E264173B66E417B /* Piazzolla-Bold.ttf in Resources */ = {isa = PBXBuildFile; fileRef = 8B52EE9D1B0444A3A695B490 /* Piazzolla-Bold.ttf */; };
		EEACCDD03E3E4CE4887142AF /* Piazzolla-BoldItalic.ttf in Resources */ = {isa = PBXBuildFile; fileRef = 2F644520925146779368BC7A /* Piazzolla-BoldItalic.ttf */; };
		D7E0DEDBAA9F42BBA8B16594 /* Piazzolla-ExtraBold.ttf in Resources */ = {isa = PBXBuildFile; fileRef = C380B3CD32864A7F8DA952D4 /* Piazzolla-ExtraBold.ttf */; };
		052640FE88E842F1A7819393 /* Piazzolla-ExtraBoldItalic.ttf in Resources */ = {isa = PBXBuildFile; fileRef = 6F2E1BDDE8944AAC9E8B59D1 /* Piazzolla-ExtraBoldItalic.ttf */; };
		F72613D31C4343F3B748309F /* Piazzolla-ExtraLight.ttf in Resources */ = {isa = PBXBuildFile; fileRef = EDD3CEA9A7DC40BC9AA1D76C /* Piazzolla-ExtraLight.ttf */; };
		F8F9019B49A4482BA96DA9AE /* Piazzolla-ExtraLightItalic.ttf in Resources */ = {isa = PBXBuildFile; fileRef = D198396F33F8425580BCD6ED /* Piazzolla-ExtraLightItalic.ttf */; };
		BD4667346C8D4722B7D4C1DC /* Piazzolla-Italic.ttf in Resources */ = {isa = PBXBuildFile; fileRef = 778D5087BF1546E4BA9CC2A8 /* Piazzolla-Italic.ttf */; };
		0FE4DA05523C4869BF542CA0 /* Piazzolla-Light.ttf in Resources */ = {isa = PBXBuildFile; fileRef = 5E92EAD244CB46DF9869F6CE /* Piazzolla-Light.ttf */; };
		83ED8CCF994140DCA0B6C082 /* Piazzolla-LightItalic.ttf in Resources */ = {isa = PBXBuildFile; fileRef = D5109F2BF94B4078A0E55704 /* Piazzolla-LightItalic.ttf */; };
		4C9B0C98AA2242EFA429117E /* Piazzolla-Medium.ttf in Resources */ = {isa = PBXBuildFile; fileRef = 70C9BF508573475B8D5A1897 /* Piazzolla-Medium.ttf */; };
		E1E18C3E0B214F48976749B9 /* Piazzolla-MediumItalic.ttf in Resources */ = {isa = PBXBuildFile; fileRef = 2EECFCA45CEF4DC9A19F28E1 /* Piazzolla-MediumItalic.ttf */; };
		848688FB4C654FA4A2D45D3E /* Piazzolla-Regular.ttf in Resources */ = {isa = PBXBuildFile; fileRef = E727037CABED40B5AEEE296C /* Piazzolla-Regular.ttf */; };
		A5ACE27AB20D4EA3AC42E976 /* Piazzolla-SemiBold.ttf in Resources */ = {isa = PBXBuildFile; fileRef = 4D0712DF768A4D8DAD274C5C /* Piazzolla-SemiBold.ttf */; };
		634806A8C1EE4999BF15B0BF /* Piazzolla-SemiBoldItalic.ttf in Resources */ = {isa = PBXBuildFile; fileRef = 3922108013B54381B1B507E4 /* Piazzolla-SemiBoldItalic.ttf */; };
		2D4ABC72A32347DB9B4985F6 /* Piazzolla-Thin.ttf in Resources */ = {isa = PBXBuildFile; fileRef = 53548FDDA35A4AE1B0190986 /* Piazzolla-Thin.ttf */; };
		7238BCF36A1046D1BB913464 /* Piazzolla-ThinItalic.ttf in Resources */ = {isa = PBXBuildFile; fileRef = 1A9545B79AEB4EDE88E1B719 /* Piazzolla-ThinItalic.ttf */; };
/* End PBXBuildFile section */

/* Begin PBXContainerItemProxy section */
		00E356F41AD99517003FC87E /* PBXContainerItemProxy */ = {
			isa = PBXContainerItemProxy;
			containerPortal = 83CBB9F71A601CBA00E9B192 /* Project object */;
			proxyType = 1;
			remoteGlobalIDString = 13B07F861A680F5B00A75B9A;
			remoteInfo = AwesomeProject;
		};
/* End PBXContainerItemProxy section */

/* Begin PBXFileReference section */
		00E356EE1AD99517003FC87E /* AwesomeProjectTests.xctest */ = {isa = PBXFileReference; explicitFileType = wrapper.cfbundle; includeInIndex = 0; path = AwesomeProjectTests.xctest; sourceTree = BUILT_PRODUCTS_DIR; };
		00E356F11AD99517003FC87E /* Info.plist */ = {isa = PBXFileReference; lastKnownFileType = text.plist.xml; path = Info.plist; sourceTree = "<group>"; };
		00E356F21AD99517003FC87E /* AwesomeProjectTests.m */ = {isa = PBXFileReference; lastKnownFileType = sourcecode.c.objc; path = AwesomeProjectTests.m; sourceTree = "<group>"; };
		13B07F961A680F5B00A75B9A /* AwesomeProject.app */ = {isa = PBXFileReference; explicitFileType = wrapper.application; includeInIndex = 0; path = AwesomeProject.app; sourceTree = BUILT_PRODUCTS_DIR; };
		13B07FAF1A68108700A75B9A /* AppDelegate.h */ = {isa = PBXFileReference; fileEncoding = 4; lastKnownFileType = sourcecode.c.h; name = AppDelegate.h; path = AwesomeProject/AppDelegate.h; sourceTree = "<group>"; };
		13B07FB01A68108700A75B9A /* AppDelegate.mm */ = {isa = PBXFileReference; fileEncoding = 4; lastKnownFileType = sourcecode.cpp.objcpp; name = AppDelegate.mm; path = AwesomeProject/AppDelegate.mm; sourceTree = "<group>"; };
		13B07FB51A68108700A75B9A /* Images.xcassets */ = {isa = PBXFileReference; lastKnownFileType = folder.assetcatalog; name = Images.xcassets; path = AwesomeProject/Images.xcassets; sourceTree = "<group>"; };
		13B07FB61A68108700A75B9A /* Info.plist */ = {isa = PBXFileReference; fileEncoding = 4; lastKnownFileType = text.plist.xml; name = Info.plist; path = AwesomeProject/Info.plist; sourceTree = "<group>"; };
		13B07FB71A68108700A75B9A /* main.m */ = {isa = PBXFileReference; fileEncoding = 4; lastKnownFileType = sourcecode.c.objc; name = main.m; path = AwesomeProject/main.m; sourceTree = "<group>"; };
		19F6CBCC0A4E27FBF8BF4A61 /* libPods-AwesomeProject-AwesomeProjectTests.a */ = {isa = PBXFileReference; explicitFileType = archive.ar; includeInIndex = 0; path = "libPods-AwesomeProject-AwesomeProjectTests.a"; sourceTree = BUILT_PRODUCTS_DIR; };
		3B4392A12AC88292D35C810B /* Pods-AwesomeProject.debug.xcconfig */ = {isa = PBXFileReference; includeInIndex = 1; lastKnownFileType = text.xcconfig; name = "Pods-AwesomeProject.debug.xcconfig"; path = "Target Support Files/Pods-AwesomeProject/Pods-AwesomeProject.debug.xcconfig"; sourceTree = "<group>"; };
		5709B34CF0A7D63546082F79 /* Pods-AwesomeProject.release.xcconfig */ = {isa = PBXFileReference; includeInIndex = 1; lastKnownFileType = text.xcconfig; name = "Pods-AwesomeProject.release.xcconfig"; path = "Target Support Files/Pods-AwesomeProject/Pods-AwesomeProject.release.xcconfig"; sourceTree = "<group>"; };
		5B7EB9410499542E8C5724F5 /* Pods-AwesomeProject-AwesomeProjectTests.debug.xcconfig */ = {isa = PBXFileReference; includeInIndex = 1; lastKnownFileType = text.xcconfig; name = "Pods-AwesomeProject-AwesomeProjectTests.debug.xcconfig"; path = "Target Support Files/Pods-AwesomeProject-AwesomeProjectTests/Pods-AwesomeProject-AwesomeProjectTests.debug.xcconfig"; sourceTree = "<group>"; };
		5DCACB8F33CDC322A6C60F78 /* libPods-AwesomeProject.a */ = {isa = PBXFileReference; explicitFileType = archive.ar; includeInIndex = 0; path = "libPods-AwesomeProject.a"; sourceTree = BUILT_PRODUCTS_DIR; };
		81AB9BB72411601600AC10FF /* LaunchScreen.storyboard */ = {isa = PBXFileReference; fileEncoding = 4; lastKnownFileType = file.storyboard; name = LaunchScreen.storyboard; path = AwesomeProject/LaunchScreen.storyboard; sourceTree = "<group>"; };
		89C6BE57DB24E9ADA2F236DE /* Pods-AwesomeProject-AwesomeProjectTests.release.xcconfig */ = {isa = PBXFileReference; includeInIndex = 1; lastKnownFileType = text.xcconfig; name = "Pods-AwesomeProject-AwesomeProjectTests.release.xcconfig"; path = "Target Support Files/Pods-AwesomeProject-AwesomeProjectTests/Pods-AwesomeProject-AwesomeProjectTests.release.xcconfig"; sourceTree = "<group>"; };
		ED297162215061F000B7C4FE /* JavaScriptCore.framework */ = {isa = PBXFileReference; lastKnownFileType = wrapper.framework; name = JavaScriptCore.framework; path = System/Library/Frameworks/JavaScriptCore.framework; sourceTree = SDKROOT; };
		D399F0FBAF6C4FFEB6F50A17 /* SignikaNegative-VariableFont_wght.ttf */ = {isa = PBXFileReference; name = "SignikaNegative-VariableFont_wght.ttf"; path = "../assets/fonts/SignikaNegative-VariableFont_wght.ttf"; sourceTree = "<group>"; fileEncoding = undefined; lastKnownFileType = unknown; explicitFileType = undefined; includeInIndex = 0; };
		D43E6B7DE5E64CF888F1E355 /* Ubuntu-Bold.ttf */ = {isa = PBXFileReference; name = "Ubuntu-Bold.ttf"; path = "../assets/fonts/Ubuntu-Bold.ttf"; sourceTree = "<group>"; fileEncoding = undefined; lastKnownFileType = unknown; explicitFileType = undefined; includeInIndex = 0; };
		D7CE41C679F74D3297781501 /* Ubuntu-BoldItalic.ttf */ = {isa = PBXFileReference; name = "Ubuntu-BoldItalic.ttf"; path = "../assets/fonts/Ubuntu-BoldItalic.ttf"; sourceTree = "<group>"; fileEncoding = undefined; lastKnownFileType = unknown; explicitFileType = undefined; includeInIndex = 0; };
		FF054A5CAF5A47E9842580DF /* Ubuntu-Italic.ttf */ = {isa = PBXFileReference; name = "Ubuntu-Italic.ttf"; path = "../assets/fonts/Ubuntu-Italic.ttf"; sourceTree = "<group>"; fileEncoding = undefined; lastKnownFileType = unknown; explicitFileType = undefined; includeInIndex = 0; };
		620CB655880541A594227EE8 /* Ubuntu-Light.ttf */ = {isa = PBXFileReference; name = "Ubuntu-Light.ttf"; path = "../assets/fonts/Ubuntu-Light.ttf"; sourceTree = "<group>"; fileEncoding = undefined; lastKnownFileType = unknown; explicitFileType = undefined; includeInIndex = 0; };
		6829BDC1352B456DB2D996EF /* Ubuntu-LightItalic.ttf */ = {isa = PBXFileReference; name = "Ubuntu-LightItalic.ttf"; path = "../assets/fonts/Ubuntu-LightItalic.ttf"; sourceTree = "<group>"; fileEncoding = undefined; lastKnownFileType = unknown; explicitFileType = undefined; includeInIndex = 0; };
		9F828D1D62874E98BF0DD9C0 /* Ubuntu-Medium.ttf */ = {isa = PBXFileReference; name = "Ubuntu-Medium.ttf"; path = "../assets/fonts/Ubuntu-Medium.ttf"; sourceTree = "<group>"; fileEncoding = undefined; lastKnownFileType = unknown; explicitFileType = undefined; includeInIndex = 0; };
		8F811F01B4DE429C85033C4F /* Ubuntu-MediumItalic.ttf */ = {isa = PBXFileReference; name = "Ubuntu-MediumItalic.ttf"; path = "../assets/fonts/Ubuntu-MediumItalic.ttf"; sourceTree = "<group>"; fileEncoding = undefined; lastKnownFileType = unknown; explicitFileType = undefined; includeInIndex = 0; };
		5947D05F3A8D4A64A206AFEA /* Ubuntu-Regular.ttf */ = {isa = PBXFileReference; name = "Ubuntu-Regular.ttf"; path = "../assets/fonts/Ubuntu-Regular.ttf"; sourceTree = "<group>"; fileEncoding = undefined; lastKnownFileType = unknown; explicitFileType = undefined; includeInIndex = 0; };
		0485C078509E4C83BF204BB5 /* PlayfairDisplay-Black.ttf */ = {isa = PBXFileReference; name = "PlayfairDisplay-Black.ttf"; path = "../assets/fonts/PlayfairDisplay-Black.ttf"; sourceTree = "<group>"; fileEncoding = undefined; lastKnownFileType = unknown; explicitFileType = undefined; includeInIndex = 0; };
		F6ED6CDD58464B509EEC1129 /* PlayfairDisplay-BlackItalic.ttf */ = {isa = PBXFileReference; name = "PlayfairDisplay-BlackItalic.ttf"; path = "../assets/fonts/PlayfairDisplay-BlackItalic.ttf"; sourceTree = "<group>"; fileEncoding = undefined; lastKnownFileType = unknown; explicitFileType = undefined; includeInIndex = 0; };
		E05C652B06794B6B8A6249F5 /* PlayfairDisplay-Bold.ttf */ = {isa = PBXFileReference; name = "PlayfairDisplay-Bold.ttf"; path = "../assets/fonts/PlayfairDisplay-Bold.ttf"; sourceTree = "<group>"; fileEncoding = undefined; lastKnownFileType = unknown; explicitFileType = undefined; includeInIndex = 0; };
		9B973A7211784945AB3FAA7E /* PlayfairDisplay-BoldItalic.ttf */ = {isa = PBXFileReference; name = "PlayfairDisplay-BoldItalic.ttf"; path = "../assets/fonts/PlayfairDisplay-BoldItalic.ttf"; sourceTree = "<group>"; fileEncoding = undefined; lastKnownFileType = unknown; explicitFileType = undefined; includeInIndex = 0; };
		82B9B839B719421EBD8C0E24 /* PlayfairDisplay-ExtraBold.ttf */ = {isa = PBXFileReference; name = "PlayfairDisplay-ExtraBold.ttf"; path = "../assets/fonts/PlayfairDisplay-ExtraBold.ttf"; sourceTree = "<group>"; fileEncoding = undefined; lastKnownFileType = unknown; explicitFileType = undefined; includeInIndex = 0; };
		99C3022D5D004D21A99EA9D1 /* PlayfairDisplay-ExtraBoldItalic.ttf */ = {isa = PBXFileReference; name = "PlayfairDisplay-ExtraBoldItalic.ttf"; path = "../assets/fonts/PlayfairDisplay-ExtraBoldItalic.ttf"; sourceTree = "<group>"; fileEncoding = undefined; lastKnownFileType = unknown; explicitFileType = undefined; includeInIndex = 0; };
		FA42AEB007344353B0627BCD /* PlayfairDisplay-Italic.ttf */ = {isa = PBXFileReference; name = "PlayfairDisplay-Italic.ttf"; path = "../assets/fonts/PlayfairDisplay-Italic.ttf"; sourceTree = "<group>"; fileEncoding = undefined; lastKnownFileType = unknown; explicitFileType = undefined; includeInIndex = 0; };
		1CD75F5A99E74F5580E60048 /* PlayfairDisplay-Medium.ttf */ = {isa = PBXFileReference; name = "PlayfairDisplay-Medium.ttf"; path = "../assets/fonts/PlayfairDisplay-Medium.ttf"; sourceTree = "<group>"; fileEncoding = undefined; lastKnownFileType = unknown; explicitFileType = undefined; includeInIndex = 0; };
		CC39DBA6E0F141A687750858 /* PlayfairDisplay-MediumItalic.ttf */ = {isa = PBXFileReference; name = "PlayfairDisplay-MediumItalic.ttf"; path = "../assets/fonts/PlayfairDisplay-MediumItalic.ttf"; sourceTree = "<group>"; fileEncoding = undefined; lastKnownFileType = unknown; explicitFileType = undefined; includeInIndex = 0; };
		736D5D048D7F448A9A714F45 /* PlayfairDisplay-Regular.ttf */ = {isa = PBXFileReference; name = "PlayfairDisplay-Regular.ttf"; path = "../assets/fonts/PlayfairDisplay-Regular.ttf"; sourceTree = "<group>"; fileEncoding = undefined; lastKnownFileType = unknown; explicitFileType = undefined; includeInIndex = 0; };
		213B30B8FD5A409EA65B5D33 /* PlayfairDisplay-SemiBold.ttf */ = {isa = PBXFileReference; name = "PlayfairDisplay-SemiBold.ttf"; path = "../assets/fonts/PlayfairDisplay-SemiBold.ttf"; sourceTree = "<group>"; fileEncoding = undefined; lastKnownFileType = unknown; explicitFileType = undefined; includeInIndex = 0; };
		191158ADE2624593929DEFA5 /* PlayfairDisplay-SemiBoldItalic.ttf */ = {isa = PBXFileReference; name = "PlayfairDisplay-SemiBoldItalic.ttf"; path = "../assets/fonts/PlayfairDisplay-SemiBoldItalic.ttf"; sourceTree = "<group>"; fileEncoding = undefined; lastKnownFileType = unknown; explicitFileType = undefined; includeInIndex = 0; };
		DDF2BFFC5F014F75ACB0F6D4 /* Piazzolla-Black.ttf */ = {isa = PBXFileReference; name = "Piazzolla-Black.ttf"; path = "../assets/fonts/Piazzolla-Black.ttf"; sourceTree = "<group>"; fileEncoding = undefined; lastKnownFileType = unknown; explicitFileType = undefined; includeInIndex = 0; };
		2B8616893071489692587EDC /* Piazzolla-BlackItalic.ttf */ = {isa = PBXFileReference; name = "Piazzolla-BlackItalic.ttf"; path = "../assets/fonts/Piazzolla-BlackItalic.ttf"; sourceTree = "<group>"; fileEncoding = undefined; lastKnownFileType = unknown; explicitFileType = undefined; includeInIndex = 0; };
		8B52EE9D1B0444A3A695B490 /* Piazzolla-Bold.ttf */ = {isa = PBXFileReference; name = "Piazzolla-Bold.ttf"; path = "../assets/fonts/Piazzolla-Bold.ttf"; sourceTree = "<group>"; fileEncoding = undefined; lastKnownFileType = unknown; explicitFileType = undefined; includeInIndex = 0; };
		2F644520925146779368BC7A /* Piazzolla-BoldItalic.ttf */ = {isa = PBXFileReference; name = "Piazzolla-BoldItalic.ttf"; path = "../assets/fonts/Piazzolla-BoldItalic.ttf"; sourceTree = "<group>"; fileEncoding = undefined; lastKnownFileType = unknown; explicitFileType = undefined; includeInIndex = 0; };
		C380B3CD32864A7F8DA952D4 /* Piazzolla-ExtraBold.ttf */ = {isa = PBXFileReference; name = "Piazzolla-ExtraBold.ttf"; path = "../assets/fonts/Piazzolla-ExtraBold.ttf"; sourceTree = "<group>"; fileEncoding = undefined; lastKnownFileType = unknown; explicitFileType = undefined; includeInIndex = 0; };
		6F2E1BDDE8944AAC9E8B59D1 /* Piazzolla-ExtraBoldItalic.ttf */ = {isa = PBXFileReference; name = "Piazzolla-ExtraBoldItalic.ttf"; path = "../assets/fonts/Piazzolla-ExtraBoldItalic.ttf"; sourceTree = "<group>"; fileEncoding = undefined; lastKnownFileType = unknown; explicitFileType = undefined; includeInIndex = 0; };
		EDD3CEA9A7DC40BC9AA1D76C /* Piazzolla-ExtraLight.ttf */ = {isa = PBXFileReference; name = "Piazzolla-ExtraLight.ttf"; path = "../assets/fonts/Piazzolla-ExtraLight.ttf"; sourceTree = "<group>"; fileEncoding = undefined; lastKnownFileType = unknown; explicitFileType = undefined; includeInIndex = 0; };
		D198396F33F8425580BCD6ED /* Piazzolla-ExtraLightItalic.ttf */ = {isa = PBXFileReference; name = "Piazzolla-ExtraLightItalic.ttf"; path = "../assets/fonts/Piazzolla-ExtraLightItalic.ttf"; sourceTree = "<group>"; fileEncoding = undefined; lastKnownFileType = unknown; explicitFileType = undefined; includeInIndex = 0; };
		778D5087BF1546E4BA9CC2A8 /* Piazzolla-Italic.ttf */ = {isa = PBXFileReference; name = "Piazzolla-Italic.ttf"; path = "../assets/fonts/Piazzolla-Italic.ttf"; sourceTree = "<group>"; fileEncoding = undefined; lastKnownFileType = unknown; explicitFileType = undefined; includeInIndex = 0; };
		5E92EAD244CB46DF9869F6CE /* Piazzolla-Light.ttf */ = {isa = PBXFileReference; name = "Piazzolla-Light.ttf"; path = "../assets/fonts/Piazzolla-Light.ttf"; sourceTree = "<group>"; fileEncoding = undefined; lastKnownFileType = unknown; explicitFileType = undefined; includeInIndex = 0; };
		D5109F2BF94B4078A0E55704 /* Piazzolla-LightItalic.ttf */ = {isa = PBXFileReference; name = "Piazzolla-LightItalic.ttf"; path = "../assets/fonts/Piazzolla-LightItalic.ttf"; sourceTree = "<group>"; fileEncoding = undefined; lastKnownFileType = unknown; explicitFileType = undefined; includeInIndex = 0; };
		70C9BF508573475B8D5A1897 /* Piazzolla-Medium.ttf */ = {isa = PBXFileReference; name = "Piazzolla-Medium.ttf"; path = "../assets/fonts/Piazzolla-Medium.ttf"; sourceTree = "<group>"; fileEncoding = undefined; lastKnownFileType = unknown; explicitFileType = undefined; includeInIndex = 0; };
		2EECFCA45CEF4DC9A19F28E1 /* Piazzolla-MediumItalic.ttf */ = {isa = PBXFileReference; name = "Piazzolla-MediumItalic.ttf"; path = "../assets/fonts/Piazzolla-MediumItalic.ttf"; sourceTree = "<group>"; fileEncoding = undefined; lastKnownFileType = unknown; explicitFileType = undefined; includeInIndex = 0; };
		E727037CABED40B5AEEE296C /* Piazzolla-Regular.ttf */ = {isa = PBXFileReference; name = "Piazzolla-Regular.ttf"; path = "../assets/fonts/Piazzolla-Regular.ttf"; sourceTree = "<group>"; fileEncoding = undefined; lastKnownFileType = unknown; explicitFileType = undefined; includeInIndex = 0; };
		4D0712DF768A4D8DAD274C5C /* Piazzolla-SemiBold.ttf */ = {isa = PBXFileReference; name = "Piazzolla-SemiBold.ttf"; path = "../assets/fonts/Piazzolla-SemiBold.ttf"; sourceTree = "<group>"; fileEncoding = undefined; lastKnownFileType = unknown; explicitFileType = undefined; includeInIndex = 0; };
		3922108013B54381B1B507E4 /* Piazzolla-SemiBoldItalic.ttf */ = {isa = PBXFileReference; name = "Piazzolla-SemiBoldItalic.ttf"; path = "../assets/fonts/Piazzolla-SemiBoldItalic.ttf"; sourceTree = "<group>"; fileEncoding = undefined; lastKnownFileType = unknown; explicitFileType = undefined; includeInIndex = 0; };
		53548FDDA35A4AE1B0190986 /* Piazzolla-Thin.ttf */ = {isa = PBXFileReference; name = "Piazzolla-Thin.ttf"; path = "../assets/fonts/Piazzolla-Thin.ttf"; sourceTree = "<group>"; fileEncoding = undefined; lastKnownFileType = unknown; explicitFileType = undefined; includeInIndex = 0; };
		1A9545B79AEB4EDE88E1B719 /* Piazzolla-ThinItalic.ttf */ = {isa = PBXFileReference; name = "Piazzolla-ThinItalic.ttf"; path = "../assets/fonts/Piazzolla-ThinItalic.ttf"; sourceTree = "<group>"; fileEncoding = undefined; lastKnownFileType = unknown; explicitFileType = undefined; includeInIndex = 0; };
/* End PBXFileReference section */

/* Begin PBXFrameworksBuildPhase section */
		00E356EB1AD99517003FC87E /* Frameworks */ = {
			isa = PBXFrameworksBuildPhase;
			buildActionMask = 2147483647;
			files = (
				7699B88040F8A987B510C191 /* libPods-AwesomeProject-AwesomeProjectTests.a in Frameworks */,
			);
			runOnlyForDeploymentPostprocessing = 0;
		};
		13B07F8C1A680F5B00A75B9A /* Frameworks */ = {
			isa = PBXFrameworksBuildPhase;
			buildActionMask = 2147483647;
			files = (
				0C80B921A6F3F58F76C31292 /* libPods-AwesomeProject.a in Frameworks */,
			);
			runOnlyForDeploymentPostprocessing = 0;
		};
/* End PBXFrameworksBuildPhase section */

/* Begin PBXGroup section */
		00E356EF1AD99517003FC87E /* AwesomeProjectTests */ = {
			isa = PBXGroup;
			children = (
				00E356F21AD99517003FC87E /* AwesomeProjectTests.m */,
				00E356F01AD99517003FC87E /* Supporting Files */,
			);
			path = AwesomeProjectTests;
			sourceTree = "<group>";
		};
		00E356F01AD99517003FC87E /* Supporting Files */ = {
			isa = PBXGroup;
			children = (
				00E356F11AD99517003FC87E /* Info.plist */,
			);
			name = "Supporting Files";
			sourceTree = "<group>";
		};
		13B07FAE1A68108700A75B9A /* AwesomeProject */ = {
			isa = PBXGroup;
			children = (
				13B07FAF1A68108700A75B9A /* AppDelegate.h */,
				13B07FB01A68108700A75B9A /* AppDelegate.mm */,
				13B07FB51A68108700A75B9A /* Images.xcassets */,
				13B07FB61A68108700A75B9A /* Info.plist */,
				81AB9BB72411601600AC10FF /* LaunchScreen.storyboard */,
				13B07FB71A68108700A75B9A /* main.m */,
			);
			name = AwesomeProject;
			sourceTree = "<group>";
		};
		2D16E6871FA4F8E400B85C8A /* Frameworks */ = {
			isa = PBXGroup;
			children = (
				ED297162215061F000B7C4FE /* JavaScriptCore.framework */,
				5DCACB8F33CDC322A6C60F78 /* libPods-AwesomeProject.a */,
				19F6CBCC0A4E27FBF8BF4A61 /* libPods-AwesomeProject-AwesomeProjectTests.a */,
			);
			name = Frameworks;
			sourceTree = "<group>";
		};
		832341AE1AAA6A7D00B99B32 /* Libraries */ = {
			isa = PBXGroup;
			children = (
			);
			name = Libraries;
			sourceTree = "<group>";
		};
		83CBB9F61A601CBA00E9B192 = {
			isa = PBXGroup;
			children = (
				13B07FAE1A68108700A75B9A /* AwesomeProject */,
				832341AE1AAA6A7D00B99B32 /* Libraries */,
				00E356EF1AD99517003FC87E /* AwesomeProjectTests */,
				83CBBA001A601CBA00E9B192 /* Products */,
				2D16E6871FA4F8E400B85C8A /* Frameworks */,
				BBD78D7AC51CEA395F1C20DB /* Pods */,
				B268750877A44725BF778D62 /* Resources */,
			);
			indentWidth = 2;
			sourceTree = "<group>";
			tabWidth = 2;
			usesTabs = 0;
		};
		83CBBA001A601CBA00E9B192 /* Products */ = {
			isa = PBXGroup;
			children = (
				13B07F961A680F5B00A75B9A /* AwesomeProject.app */,
				00E356EE1AD99517003FC87E /* AwesomeProjectTests.xctest */,
			);
			name = Products;
			sourceTree = "<group>";
		};
		BBD78D7AC51CEA395F1C20DB /* Pods */ = {
			isa = PBXGroup;
			children = (
				3B4392A12AC88292D35C810B /* Pods-AwesomeProject.debug.xcconfig */,
				5709B34CF0A7D63546082F79 /* Pods-AwesomeProject.release.xcconfig */,
				5B7EB9410499542E8C5724F5 /* Pods-AwesomeProject-AwesomeProjectTests.debug.xcconfig */,
				89C6BE57DB24E9ADA2F236DE /* Pods-AwesomeProject-AwesomeProjectTests.release.xcconfig */,
			);
			path = Pods;
			sourceTree = "<group>";
		};
		B268750877A44725BF778D62 /* Resources */ = {
			isa = "PBXGroup";
			children = (
				D399F0FBAF6C4FFEB6F50A17 /* SignikaNegative-VariableFont_wght.ttf */,
				D43E6B7DE5E64CF888F1E355 /* Ubuntu-Bold.ttf */,
				D7CE41C679F74D3297781501 /* Ubuntu-BoldItalic.ttf */,
				FF054A5CAF5A47E9842580DF /* Ubuntu-Italic.ttf */,
				620CB655880541A594227EE8 /* Ubuntu-Light.ttf */,
				6829BDC1352B456DB2D996EF /* Ubuntu-LightItalic.ttf */,
				9F828D1D62874E98BF0DD9C0 /* Ubuntu-Medium.ttf */,
				8F811F01B4DE429C85033C4F /* Ubuntu-MediumItalic.ttf */,
				5947D05F3A8D4A64A206AFEA /* Ubuntu-Regular.ttf */,
				0485C078509E4C83BF204BB5 /* PlayfairDisplay-Black.ttf */,
				F6ED6CDD58464B509EEC1129 /* PlayfairDisplay-BlackItalic.ttf */,
				E05C652B06794B6B8A6249F5 /* PlayfairDisplay-Bold.ttf */,
				9B973A7211784945AB3FAA7E /* PlayfairDisplay-BoldItalic.ttf */,
				82B9B839B719421EBD8C0E24 /* PlayfairDisplay-ExtraBold.ttf */,
				99C3022D5D004D21A99EA9D1 /* PlayfairDisplay-ExtraBoldItalic.ttf */,
				FA42AEB007344353B0627BCD /* PlayfairDisplay-Italic.ttf */,
				1CD75F5A99E74F5580E60048 /* PlayfairDisplay-Medium.ttf */,
				CC39DBA6E0F141A687750858 /* PlayfairDisplay-MediumItalic.ttf */,
				736D5D048D7F448A9A714F45 /* PlayfairDisplay-Regular.ttf */,
				213B30B8FD5A409EA65B5D33 /* PlayfairDisplay-SemiBold.ttf */,
				191158ADE2624593929DEFA5 /* PlayfairDisplay-SemiBoldItalic.ttf */,
				DDF2BFFC5F014F75ACB0F6D4 /* Piazzolla-Black.ttf */,
				2B8616893071489692587EDC /* Piazzolla-BlackItalic.ttf */,
				8B52EE9D1B0444A3A695B490 /* Piazzolla-Bold.ttf */,
				2F644520925146779368BC7A /* Piazzolla-BoldItalic.ttf */,
				C380B3CD32864A7F8DA952D4 /* Piazzolla-ExtraBold.ttf */,
				6F2E1BDDE8944AAC9E8B59D1 /* Piazzolla-ExtraBoldItalic.ttf */,
				EDD3CEA9A7DC40BC9AA1D76C /* Piazzolla-ExtraLight.ttf */,
				D198396F33F8425580BCD6ED /* Piazzolla-ExtraLightItalic.ttf */,
				778D5087BF1546E4BA9CC2A8 /* Piazzolla-Italic.ttf */,
				5E92EAD244CB46DF9869F6CE /* Piazzolla-Light.ttf */,
				D5109F2BF94B4078A0E55704 /* Piazzolla-LightItalic.ttf */,
				70C9BF508573475B8D5A1897 /* Piazzolla-Medium.ttf */,
				2EECFCA45CEF4DC9A19F28E1 /* Piazzolla-MediumItalic.ttf */,
				E727037CABED40B5AEEE296C /* Piazzolla-Regular.ttf */,
				4D0712DF768A4D8DAD274C5C /* Piazzolla-SemiBold.ttf */,
				3922108013B54381B1B507E4 /* Piazzolla-SemiBoldItalic.ttf */,
				53548FDDA35A4AE1B0190986 /* Piazzolla-Thin.ttf */,
				1A9545B79AEB4EDE88E1B719 /* Piazzolla-ThinItalic.ttf */,
			);
			name = Resources;
			sourceTree = "<group>";
			path = "";
		};
/* End PBXGroup section */

/* Begin PBXNativeTarget section */
		00E356ED1AD99517003FC87E /* AwesomeProjectTests */ = {
			isa = PBXNativeTarget;
			buildConfigurationList = 00E357021AD99517003FC87E /* Build configuration list for PBXNativeTarget "AwesomeProjectTests" */;
			buildPhases = (
				A55EABD7B0C7F3A422A6CC61 /* [CP] Check Pods Manifest.lock */,
				00E356EA1AD99517003FC87E /* Sources */,
				00E356EB1AD99517003FC87E /* Frameworks */,
				00E356EC1AD99517003FC87E /* Resources */,
				C59DA0FBD6956966B86A3779 /* [CP] Embed Pods Frameworks */,
				F6A41C54EA430FDDC6A6ED99 /* [CP] Copy Pods Resources */,
			);
			buildRules = (
			);
			dependencies = (
				00E356F51AD99517003FC87E /* PBXTargetDependency */,
			);
			name = AwesomeProjectTests;
			productName = AwesomeProjectTests;
			productReference = 00E356EE1AD99517003FC87E /* AwesomeProjectTests.xctest */;
			productType = "com.apple.product-type.bundle.unit-test";
		};
		13B07F861A680F5B00A75B9A /* AwesomeProject */ = {
			isa = PBXNativeTarget;
			buildConfigurationList = 13B07F931A680F5B00A75B9A /* Build configuration list for PBXNativeTarget "AwesomeProject" */;
			buildPhases = (
				C38B50BA6285516D6DCD4F65 /* [CP] Check Pods Manifest.lock */,
				FD10A7F022414F080027D42C /* Start Packager */,
				13B07F871A680F5B00A75B9A /* Sources */,
				13B07F8C1A680F5B00A75B9A /* Frameworks */,
				13B07F8E1A680F5B00A75B9A /* Resources */,
				00DD1BFF1BD5951E006B06BC /* Bundle React Native code and images */,
				00EEFC60759A1932668264C0 /* [CP] Embed Pods Frameworks */,
				E235C05ADACE081382539298 /* [CP] Copy Pods Resources */,
			);
			buildRules = (
			);
			dependencies = (
			);
			name = AwesomeProject;
			productName = AwesomeProject;
			productReference = 13B07F961A680F5B00A75B9A /* AwesomeProject.app */;
			productType = "com.apple.product-type.application";
		};
/* End PBXNativeTarget section */

/* Begin PBXProject section */
		83CBB9F71A601CBA00E9B192 /* Project object */ = {
			isa = PBXProject;
			attributes = {
				LastUpgradeCheck = 1210;
				TargetAttributes = {
					00E356ED1AD99517003FC87E = {
						CreatedOnToolsVersion = 6.2;
						TestTargetID = 13B07F861A680F5B00A75B9A;
					};
					13B07F861A680F5B00A75B9A = {
						LastSwiftMigration = 1120;
					};
				};
			};
			buildConfigurationList = 83CBB9FA1A601CBA00E9B192 /* Build configuration list for PBXProject "AwesomeProject" */;
			compatibilityVersion = "Xcode 12.0";
			developmentRegion = en;
			hasScannedForEncodings = 0;
			knownRegions = (
				en,
				Base,
			);
			mainGroup = 83CBB9F61A601CBA00E9B192;
			productRefGroup = 83CBBA001A601CBA00E9B192 /* Products */;
			projectDirPath = "";
			projectRoot = "";
			targets = (
				13B07F861A680F5B00A75B9A /* AwesomeProject */,
				00E356ED1AD99517003FC87E /* AwesomeProjectTests */,
			);
		};
/* End PBXProject section */

/* Begin PBXResourcesBuildPhase section */
		00E356EC1AD99517003FC87E /* Resources */ = {
			isa = PBXResourcesBuildPhase;
			buildActionMask = 2147483647;
			files = (
			);
			runOnlyForDeploymentPostprocessing = 0;
		};
		13B07F8E1A680F5B00A75B9A /* Resources */ = {
			isa = PBXResourcesBuildPhase;
			buildActionMask = 2147483647;
			files = (
				81AB9BB82411601600AC10FF /* LaunchScreen.storyboard in Resources */,
				13B07FBF1A68108700A75B9A /* Images.xcassets in Resources */,
				78272830D3D844599CB24CBC /* SignikaNegative-VariableFont_wght.ttf in Resources */,
				3821BBED2C2A4838B8AE1542 /* Ubuntu-Bold.ttf in Resources */,
				7990EC395503451AAFBBCC3F /* Ubuntu-BoldItalic.ttf in Resources */,
				F89BCF15B12A4515BD563C8B /* Ubuntu-Italic.ttf in Resources */,
				8197035F0464433F864608C0 /* Ubuntu-Light.ttf in Resources */,
				837C8CD9C1C54E10B1F8B968 /* Ubuntu-LightItalic.ttf in Resources */,
				81D7AF55E48E44278DCF8299 /* Ubuntu-Medium.ttf in Resources */,
				6F00AE3FBBE24FD3B10C1C6A /* Ubuntu-MediumItalic.ttf in Resources */,
				68CF8032B49B4015A89B3AB6 /* Ubuntu-Regular.ttf in Resources */,
				1F8843ED4B8D4A50B4ABBF4A /* PlayfairDisplay-Black.ttf in Resources */,
				64A98B9007354B89B26E4095 /* PlayfairDisplay-BlackItalic.ttf in Resources */,
				4D17617286DA4596A07F6D9D /* PlayfairDisplay-Bold.ttf in Resources */,
				D1DDB38B5B204B4FAFF73DDE /* PlayfairDisplay-BoldItalic.ttf in Resources */,
				AA1BF561712B4073A6052E7C /* PlayfairDisplay-ExtraBold.ttf in Resources */,
				A857283365894EBAB0D07DD4 /* PlayfairDisplay-ExtraBoldItalic.ttf in Resources */,
				C7C9020E66C34960B737BCE4 /* PlayfairDisplay-Italic.ttf in Resources */,
				11761D57550C486B9CEB0864 /* PlayfairDisplay-Medium.ttf in Resources */,
				6FFA2A6857714C3C8AC4912C /* PlayfairDisplay-MediumItalic.ttf in Resources */,
				EAE39FDFF6D6442CAB91A5E1 /* PlayfairDisplay-Regular.ttf in Resources */,
				F48805478EE8436C822FEB1B /* PlayfairDisplay-SemiBold.ttf in Resources */,
				1EDF0A0EB3044CC69C8918BC /* PlayfairDisplay-SemiBoldItalic.ttf in Resources */,
				40F5967459D344B2AC8D318C /* Piazzolla-Black.ttf in Resources */,
				B486B1CACF444BA3A8365610 /* Piazzolla-BlackItalic.ttf in Resources */,
				F76918026E264173B66E417B /* Piazzolla-Bold.ttf in Resources */,
				EEACCDD03E3E4CE4887142AF /* Piazzolla-BoldItalic.ttf in Resources */,
				D7E0DEDBAA9F42BBA8B16594 /* Piazzolla-ExtraBold.ttf in Resources */,
				052640FE88E842F1A7819393 /* Piazzolla-ExtraBoldItalic.ttf in Resources */,
				F72613D31C4343F3B748309F /* Piazzolla-ExtraLight.ttf in Resources */,
				F8F9019B49A4482BA96DA9AE /* Piazzolla-ExtraLightItalic.ttf in Resources */,
				BD4667346C8D4722B7D4C1DC /* Piazzolla-Italic.ttf in Resources */,
				0FE4DA05523C4869BF542CA0 /* Piazzolla-Light.ttf in Resources */,
				83ED8CCF994140DCA0B6C082 /* Piazzolla-LightItalic.ttf in Resources */,
				4C9B0C98AA2242EFA429117E /* Piazzolla-Medium.ttf in Resources */,
				E1E18C3E0B214F48976749B9 /* Piazzolla-MediumItalic.ttf in Resources */,
				848688FB4C654FA4A2D45D3E /* Piazzolla-Regular.ttf in Resources */,
				A5ACE27AB20D4EA3AC42E976 /* Piazzolla-SemiBold.ttf in Resources */,
				634806A8C1EE4999BF15B0BF /* Piazzolla-SemiBoldItalic.ttf in Resources */,
				2D4ABC72A32347DB9B4985F6 /* Piazzolla-Thin.ttf in Resources */,
				7238BCF36A1046D1BB913464 /* Piazzolla-ThinItalic.ttf in Resources */,
			);
			runOnlyForDeploymentPostprocessing = 0;
		};
/* End PBXResourcesBuildPhase section */

/* Begin PBXShellScriptBuildPhase section */
		00DD1BFF1BD5951E006B06BC /* Bundle React Native code and images */ = {
			isa = PBXShellScriptBuildPhase;
			buildActionMask = 2147483647;
			files = (
			);
			inputPaths = (
				"$(SRCROOT)/.xcode.env.local",
				"$(SRCROOT)/.xcode.env",
			);
			name = "Bundle React Native code and images";
			outputPaths = (
			);
			runOnlyForDeploymentPostprocessing = 0;
			shellPath = /bin/sh;
			shellScript = "set -e\n\nWITH_ENVIRONMENT=\"../node_modules/react-native/scripts/xcode/with-environment.sh\"\nREACT_NATIVE_XCODE=\"../node_modules/react-native/scripts/react-native-xcode.sh\"\n\n/bin/sh -c \"$WITH_ENVIRONMENT $REACT_NATIVE_XCODE\"\n";
		};
		00EEFC60759A1932668264C0 /* [CP] Embed Pods Frameworks */ = {
			isa = PBXShellScriptBuildPhase;
			buildActionMask = 2147483647;
			files = (
			);
			inputFileListPaths = (
				"${PODS_ROOT}/Target Support Files/Pods-AwesomeProject/Pods-AwesomeProject-frameworks-${CONFIGURATION}-input-files.xcfilelist",
			);
			name = "[CP] Embed Pods Frameworks";
			outputFileListPaths = (
				"${PODS_ROOT}/Target Support Files/Pods-AwesomeProject/Pods-AwesomeProject-frameworks-${CONFIGURATION}-output-files.xcfilelist",
			);
			runOnlyForDeploymentPostprocessing = 0;
			shellPath = /bin/sh;
			shellScript = "\"${PODS_ROOT}/Target Support Files/Pods-AwesomeProject/Pods-AwesomeProject-frameworks.sh\"\n";
			showEnvVarsInLog = 0;
		};
		A55EABD7B0C7F3A422A6CC61 /* [CP] Check Pods Manifest.lock */ = {
			isa = PBXShellScriptBuildPhase;
			buildActionMask = 2147483647;
			files = (
			);
			inputFileListPaths = (
			);
			inputPaths = (
				"${PODS_PODFILE_DIR_PATH}/Podfile.lock",
				"${PODS_ROOT}/Manifest.lock",
			);
			name = "[CP] Check Pods Manifest.lock";
			outputFileListPaths = (
			);
			outputPaths = (
				"$(DERIVED_FILE_DIR)/Pods-AwesomeProject-AwesomeProjectTests-checkManifestLockResult.txt",
			);
			runOnlyForDeploymentPostprocessing = 0;
			shellPath = /bin/sh;
			shellScript = "diff \"${PODS_PODFILE_DIR_PATH}/Podfile.lock\" \"${PODS_ROOT}/Manifest.lock\" > /dev/null\nif [ $? != 0 ] ; then\n    # print error to STDERR\n    echo \"error: The sandbox is not in sync with the Podfile.lock. Run 'pod install' or update your CocoaPods installation.\" >&2\n    exit 1\nfi\n# This output is used by Xcode 'outputs' to avoid re-running this script phase.\necho \"SUCCESS\" > \"${SCRIPT_OUTPUT_FILE_0}\"\n";
			showEnvVarsInLog = 0;
		};
		C38B50BA6285516D6DCD4F65 /* [CP] Check Pods Manifest.lock */ = {
			isa = PBXShellScriptBuildPhase;
			buildActionMask = 2147483647;
			files = (
			);
			inputFileListPaths = (
			);
			inputPaths = (
				"${PODS_PODFILE_DIR_PATH}/Podfile.lock",
				"${PODS_ROOT}/Manifest.lock",
			);
			name = "[CP] Check Pods Manifest.lock";
			outputFileListPaths = (
			);
			outputPaths = (
				"$(DERIVED_FILE_DIR)/Pods-AwesomeProject-checkManifestLockResult.txt",
			);
			runOnlyForDeploymentPostprocessing = 0;
			shellPath = /bin/sh;
			shellScript = "diff \"${PODS_PODFILE_DIR_PATH}/Podfile.lock\" \"${PODS_ROOT}/Manifest.lock\" > /dev/null\nif [ $? != 0 ] ; then\n    # print error to STDERR\n    echo \"error: The sandbox is not in sync with the Podfile.lock. Run 'pod install' or update your CocoaPods installation.\" >&2\n    exit 1\nfi\n# This output is used by Xcode 'outputs' to avoid re-running this script phase.\necho \"SUCCESS\" > \"${SCRIPT_OUTPUT_FILE_0}\"\n";
			showEnvVarsInLog = 0;
		};
		C59DA0FBD6956966B86A3779 /* [CP] Embed Pods Frameworks */ = {
			isa = PBXShellScriptBuildPhase;
			buildActionMask = 2147483647;
			files = (
			);
			inputFileListPaths = (
				"${PODS_ROOT}/Target Support Files/Pods-AwesomeProject-AwesomeProjectTests/Pods-AwesomeProject-AwesomeProjectTests-frameworks-${CONFIGURATION}-input-files.xcfilelist",
			);
			name = "[CP] Embed Pods Frameworks";
			outputFileListPaths = (
				"${PODS_ROOT}/Target Support Files/Pods-AwesomeProject-AwesomeProjectTests/Pods-AwesomeProject-AwesomeProjectTests-frameworks-${CONFIGURATION}-output-files.xcfilelist",
			);
			runOnlyForDeploymentPostprocessing = 0;
			shellPath = /bin/sh;
			shellScript = "\"${PODS_ROOT}/Target Support Files/Pods-AwesomeProject-AwesomeProjectTests/Pods-AwesomeProject-AwesomeProjectTests-frameworks.sh\"\n";
			showEnvVarsInLog = 0;
		};
		E235C05ADACE081382539298 /* [CP] Copy Pods Resources */ = {
			isa = PBXShellScriptBuildPhase;
			buildActionMask = 2147483647;
			files = (
			);
			inputFileListPaths = (
				"${PODS_ROOT}/Target Support Files/Pods-AwesomeProject/Pods-AwesomeProject-resources-${CONFIGURATION}-input-files.xcfilelist",
			);
			name = "[CP] Copy Pods Resources";
			outputFileListPaths = (
				"${PODS_ROOT}/Target Support Files/Pods-AwesomeProject/Pods-AwesomeProject-resources-${CONFIGURATION}-output-files.xcfilelist",
			);
			runOnlyForDeploymentPostprocessing = 0;
			shellPath = /bin/sh;
			shellScript = "\"${PODS_ROOT}/Target Support Files/Pods-AwesomeProject/Pods-AwesomeProject-resources.sh\"\n";
			showEnvVarsInLog = 0;
		};
		F6A41C54EA430FDDC6A6ED99 /* [CP] Copy Pods Resources */ = {
			isa = PBXShellScriptBuildPhase;
			buildActionMask = 2147483647;
			files = (
			);
			inputFileListPaths = (
				"${PODS_ROOT}/Target Support Files/Pods-AwesomeProject-AwesomeProjectTests/Pods-AwesomeProject-AwesomeProjectTests-resources-${CONFIGURATION}-input-files.xcfilelist",
			);
			name = "[CP] Copy Pods Resources";
			outputFileListPaths = (
				"${PODS_ROOT}/Target Support Files/Pods-AwesomeProject-AwesomeProjectTests/Pods-AwesomeProject-AwesomeProjectTests-resources-${CONFIGURATION}-output-files.xcfilelist",
			);
			runOnlyForDeploymentPostprocessing = 0;
			shellPath = /bin/sh;
			shellScript = "\"${PODS_ROOT}/Target Support Files/Pods-AwesomeProject-AwesomeProjectTests/Pods-AwesomeProject-AwesomeProjectTests-resources.sh\"\n";
			showEnvVarsInLog = 0;
		};
		FD10A7F022414F080027D42C /* Start Packager */ = {
			isa = PBXShellScriptBuildPhase;
			buildActionMask = 2147483647;
			files = (
			);
			inputFileListPaths = (
			);
			inputPaths = (
			);
			name = "Start Packager";
			outputFileListPaths = (
			);
			outputPaths = (
			);
			runOnlyForDeploymentPostprocessing = 0;
			shellPath = /bin/sh;
			shellScript = "export RCT_METRO_PORT=\"${RCT_METRO_PORT:=8081}\"\necho \"export RCT_METRO_PORT=${RCT_METRO_PORT}\" > \"${SRCROOT}/../node_modules/react-native/scripts/.packager.env\"\nif [ -z \"${RCT_NO_LAUNCH_PACKAGER+xxx}\" ] ; then\n  if nc -w 5 -z localhost ${RCT_METRO_PORT} ; then\n    if ! curl -s \"http://localhost:${RCT_METRO_PORT}/status\" | grep -q \"packager-status:running\" ; then\n      echo \"Port ${RCT_METRO_PORT} already in use, packager is either not running or not running correctly\"\n      exit 2\n    fi\n  else\n    open \"$SRCROOT/../node_modules/react-native/scripts/launchPackager.command\" || echo \"Can't start packager automatically\"\n  fi\nfi\n";
			showEnvVarsInLog = 0;
		};
/* End PBXShellScriptBuildPhase section */

/* Begin PBXSourcesBuildPhase section */
		00E356EA1AD99517003FC87E /* Sources */ = {
			isa = PBXSourcesBuildPhase;
			buildActionMask = 2147483647;
			files = (
				00E356F31AD99517003FC87E /* AwesomeProjectTests.m in Sources */,
			);
			runOnlyForDeploymentPostprocessing = 0;
		};
		13B07F871A680F5B00A75B9A /* Sources */ = {
			isa = PBXSourcesBuildPhase;
			buildActionMask = 2147483647;
			files = (
				13B07FBC1A68108700A75B9A /* AppDelegate.mm in Sources */,
				13B07FC11A68108700A75B9A /* main.m in Sources */,
			);
			runOnlyForDeploymentPostprocessing = 0;
		};
/* End PBXSourcesBuildPhase section */

/* Begin PBXTargetDependency section */
		00E356F51AD99517003FC87E /* PBXTargetDependency */ = {
			isa = PBXTargetDependency;
			target = 13B07F861A680F5B00A75B9A /* AwesomeProject */;
			targetProxy = 00E356F41AD99517003FC87E /* PBXContainerItemProxy */;
		};
/* End PBXTargetDependency section */

/* Begin XCBuildConfiguration section */
		00E356F61AD99517003FC87E /* Debug */ = {
			isa = XCBuildConfiguration;
			baseConfigurationReference = 5B7EB9410499542E8C5724F5 /* Pods-AwesomeProject-AwesomeProjectTests.debug.xcconfig */;
			buildSettings = {
				BUNDLE_LOADER = "$(TEST_HOST)";
				GCC_PREPROCESSOR_DEFINITIONS = (
					"DEBUG=1",
					"$(inherited)",
				);
				INFOPLIST_FILE = AwesomeProjectTests/Info.plist;
				IPHONEOS_DEPLOYMENT_TARGET = 12.4;
				LD_RUNPATH_SEARCH_PATHS = (
					"$(inherited)",
					"@executable_path/Frameworks",
					"@loader_path/Frameworks",
				);
				OTHER_LDFLAGS = (
					"-ObjC",
					"-lc++",
					"$(inherited)",
				);
				PRODUCT_BUNDLE_IDENTIFIER = "org.reactjs.native.example.$(PRODUCT_NAME:rfc1034identifier)";
				PRODUCT_NAME = "$(TARGET_NAME)";
				TEST_HOST = "$(BUILT_PRODUCTS_DIR)/AwesomeProject.app/AwesomeProject";
			};
			name = Debug;
		};
		00E356F71AD99517003FC87E /* Release */ = {
			isa = XCBuildConfiguration;
			baseConfigurationReference = 89C6BE57DB24E9ADA2F236DE /* Pods-AwesomeProject-AwesomeProjectTests.release.xcconfig */;
			buildSettings = {
				BUNDLE_LOADER = "$(TEST_HOST)";
				COPY_PHASE_STRIP = NO;
				INFOPLIST_FILE = AwesomeProjectTests/Info.plist;
				IPHONEOS_DEPLOYMENT_TARGET = 12.4;
				LD_RUNPATH_SEARCH_PATHS = (
					"$(inherited)",
					"@executable_path/Frameworks",
					"@loader_path/Frameworks",
				);
				OTHER_LDFLAGS = (
					"-ObjC",
					"-lc++",
					"$(inherited)",
				);
				PRODUCT_BUNDLE_IDENTIFIER = "org.reactjs.native.example.$(PRODUCT_NAME:rfc1034identifier)";
				PRODUCT_NAME = "$(TARGET_NAME)";
				TEST_HOST = "$(BUILT_PRODUCTS_DIR)/AwesomeProject.app/AwesomeProject";
			};
			name = Release;
		};
		13B07F941A680F5B00A75B9A /* Debug */ = {
			isa = XCBuildConfiguration;
			baseConfigurationReference = 3B4392A12AC88292D35C810B /* Pods-AwesomeProject.debug.xcconfig */;
			buildSettings = {
				ASSETCATALOG_COMPILER_APPICON_NAME = AppIcon;
				CLANG_ENABLE_MODULES = YES;
				CURRENT_PROJECT_VERSION = 1;
				ENABLE_BITCODE = NO;
				INFOPLIST_FILE = AwesomeProject/Info.plist;
				LD_RUNPATH_SEARCH_PATHS = (
					"$(inherited)",
					"@executable_path/Frameworks",
				);
				OTHER_LDFLAGS = (
					"$(inherited)",
					"-ObjC",
					"-lc++",
				);
				PRODUCT_BUNDLE_IDENTIFIER = "org.reactjs.native.example.$(PRODUCT_NAME:rfc1034identifier)";
				PRODUCT_NAME = AwesomeProject;
				SWIFT_OPTIMIZATION_LEVEL = "-Onone";
				SWIFT_VERSION = 5.0;
				VERSIONING_SYSTEM = "apple-generic";
			};
			name = Debug;
		};
		13B07F951A680F5B00A75B9A /* Release */ = {
			isa = XCBuildConfiguration;
			baseConfigurationReference = 5709B34CF0A7D63546082F79 /* Pods-AwesomeProject.release.xcconfig */;
			buildSettings = {
				ASSETCATALOG_COMPILER_APPICON_NAME = AppIcon;
				CLANG_ENABLE_MODULES = YES;
				CURRENT_PROJECT_VERSION = 1;
				INFOPLIST_FILE = AwesomeProject/Info.plist;
				LD_RUNPATH_SEARCH_PATHS = (
					"$(inherited)",
					"@executable_path/Frameworks",
				);
				OTHER_LDFLAGS = (
					"$(inherited)",
					"-ObjC",
					"-lc++",
				);
				PRODUCT_BUNDLE_IDENTIFIER = "org.reactjs.native.example.$(PRODUCT_NAME:rfc1034identifier)";
				PRODUCT_NAME = AwesomeProject;
				SWIFT_VERSION = 5.0;
				VERSIONING_SYSTEM = "apple-generic";
			};
			name = Release;
		};
		83CBBA201A601CBA00E9B192 /* Debug */ = {
			isa = XCBuildConfiguration;
			buildSettings = {
				ALWAYS_SEARCH_USER_PATHS = NO;
				CLANG_ANALYZER_LOCALIZABILITY_NONLOCALIZED = YES;
				CLANG_CXX_LANGUAGE_STANDARD = "c++17";
				CLANG_CXX_LIBRARY = "libc++";
				CLANG_ENABLE_MODULES = YES;
				CLANG_ENABLE_OBJC_ARC = YES;
				CLANG_WARN_BLOCK_CAPTURE_AUTORELEASING = YES;
				CLANG_WARN_BOOL_CONVERSION = YES;
				CLANG_WARN_COMMA = YES;
				CLANG_WARN_CONSTANT_CONVERSION = YES;
				CLANG_WARN_DEPRECATED_OBJC_IMPLEMENTATIONS = YES;
				CLANG_WARN_DIRECT_OBJC_ISA_USAGE = YES_ERROR;
				CLANG_WARN_EMPTY_BODY = YES;
				CLANG_WARN_ENUM_CONVERSION = YES;
				CLANG_WARN_INFINITE_RECURSION = YES;
				CLANG_WARN_INT_CONVERSION = YES;
				CLANG_WARN_NON_LITERAL_NULL_CONVERSION = YES;
				CLANG_WARN_OBJC_IMPLICIT_RETAIN_SELF = YES;
				CLANG_WARN_OBJC_LITERAL_CONVERSION = YES;
				CLANG_WARN_OBJC_ROOT_CLASS = YES_ERROR;
				CLANG_WARN_QUOTED_INCLUDE_IN_FRAMEWORK_HEADER = YES;
				CLANG_WARN_RANGE_LOOP_ANALYSIS = YES;
				CLANG_WARN_STRICT_PROTOTYPES = YES;
				CLANG_WARN_SUSPICIOUS_MOVE = YES;
				CLANG_WARN_UNREACHABLE_CODE = YES;
				CLANG_WARN__DUPLICATE_METHOD_MATCH = YES;
				"CODE_SIGN_IDENTITY[sdk=iphoneos*]" = "iPhone Developer";
				COPY_PHASE_STRIP = NO;
				ENABLE_STRICT_OBJC_MSGSEND = YES;
				ENABLE_TESTABILITY = YES;
				"EXCLUDED_ARCHS[sdk=iphonesimulator*]" = "";
				GCC_C_LANGUAGE_STANDARD = gnu99;
				GCC_DYNAMIC_NO_PIC = NO;
				GCC_NO_COMMON_BLOCKS = YES;
				GCC_OPTIMIZATION_LEVEL = 0;
				GCC_PREPROCESSOR_DEFINITIONS = (
					"DEBUG=1",
					"$(inherited)",
				);
				GCC_SYMBOLS_PRIVATE_EXTERN = NO;
				GCC_WARN_64_TO_32_BIT_CONVERSION = YES;
				GCC_WARN_ABOUT_RETURN_TYPE = YES_ERROR;
				GCC_WARN_UNDECLARED_SELECTOR = YES;
				GCC_WARN_UNINITIALIZED_AUTOS = YES_AGGRESSIVE;
				GCC_WARN_UNUSED_FUNCTION = YES;
				GCC_WARN_UNUSED_VARIABLE = YES;
				IPHONEOS_DEPLOYMENT_TARGET = 12.4;
				LD_RUNPATH_SEARCH_PATHS = (
					/usr/lib/swift,
					"$(inherited)",
				);
				LIBRARY_SEARCH_PATHS = (
					"\"$(SDKROOT)/usr/lib/swift\"",
					"\"$(TOOLCHAIN_DIR)/usr/lib/swift/$(PLATFORM_NAME)\"",
					"\"$(inherited)\"",
				);
				MTL_ENABLE_DEBUG_INFO = YES;
				ONLY_ACTIVE_ARCH = YES;
				OTHER_CPLUSPLUSFLAGS = (
					"$(OTHER_CFLAGS)",
					"-DFOLLY_NO_CONFIG",
					"-DFOLLY_MOBILE=1",
					"-DFOLLY_USE_LIBCPP=1",
				);
				SDKROOT = iphoneos;
			};
			name = Debug;
		};
		83CBBA211A601CBA00E9B192 /* Release */ = {
			isa = XCBuildConfiguration;
			buildSettings = {
				ALWAYS_SEARCH_USER_PATHS = NO;
				CLANG_ANALYZER_LOCALIZABILITY_NONLOCALIZED = YES;
				CLANG_CXX_LANGUAGE_STANDARD = "c++17";
				CLANG_CXX_LIBRARY = "libc++";
				CLANG_ENABLE_MODULES = YES;
				CLANG_ENABLE_OBJC_ARC = YES;
				CLANG_WARN_BLOCK_CAPTURE_AUTORELEASING = YES;
				CLANG_WARN_BOOL_CONVERSION = YES;
				CLANG_WARN_COMMA = YES;
				CLANG_WARN_CONSTANT_CONVERSION = YES;
				CLANG_WARN_DEPRECATED_OBJC_IMPLEMENTATIONS = YES;
				CLANG_WARN_DIRECT_OBJC_ISA_USAGE = YES_ERROR;
				CLANG_WARN_EMPTY_BODY = YES;
				CLANG_WARN_ENUM_CONVERSION = YES;
				CLANG_WARN_INFINITE_RECURSION = YES;
				CLANG_WARN_INT_CONVERSION = YES;
				CLANG_WARN_NON_LITERAL_NULL_CONVERSION = YES;
				CLANG_WARN_OBJC_IMPLICIT_RETAIN_SELF = YES;
				CLANG_WARN_OBJC_LITERAL_CONVERSION = YES;
				CLANG_WARN_OBJC_ROOT_CLASS = YES_ERROR;
				CLANG_WARN_QUOTED_INCLUDE_IN_FRAMEWORK_HEADER = YES;
				CLANG_WARN_RANGE_LOOP_ANALYSIS = YES;
				CLANG_WARN_STRICT_PROTOTYPES = YES;
				CLANG_WARN_SUSPICIOUS_MOVE = YES;
				CLANG_WARN_UNREACHABLE_CODE = YES;
				CLANG_WARN__DUPLICATE_METHOD_MATCH = YES;
				"CODE_SIGN_IDENTITY[sdk=iphoneos*]" = "iPhone Developer";
				COPY_PHASE_STRIP = YES;
				ENABLE_NS_ASSERTIONS = NO;
				ENABLE_STRICT_OBJC_MSGSEND = YES;
				"EXCLUDED_ARCHS[sdk=iphonesimulator*]" = "";
				GCC_C_LANGUAGE_STANDARD = gnu99;
				GCC_NO_COMMON_BLOCKS = YES;
				GCC_WARN_64_TO_32_BIT_CONVERSION = YES;
				GCC_WARN_ABOUT_RETURN_TYPE = YES_ERROR;
				GCC_WARN_UNDECLARED_SELECTOR = YES;
				GCC_WARN_UNINITIALIZED_AUTOS = YES_AGGRESSIVE;
				GCC_WARN_UNUSED_FUNCTION = YES;
				GCC_WARN_UNUSED_VARIABLE = YES;
				IPHONEOS_DEPLOYMENT_TARGET = 12.4;
				LD_RUNPATH_SEARCH_PATHS = (
					/usr/lib/swift,
					"$(inherited)",
				);
				LIBRARY_SEARCH_PATHS = (
					"\"$(SDKROOT)/usr/lib/swift\"",
					"\"$(TOOLCHAIN_DIR)/usr/lib/swift/$(PLATFORM_NAME)\"",
					"\"$(inherited)\"",
				);
				MTL_ENABLE_DEBUG_INFO = NO;
				OTHER_CPLUSPLUSFLAGS = (
					"$(OTHER_CFLAGS)",
					"-DFOLLY_NO_CONFIG",
					"-DFOLLY_MOBILE=1",
					"-DFOLLY_USE_LIBCPP=1",
				);
				SDKROOT = iphoneos;
				VALIDATE_PRODUCT = YES;
			};
			name = Release;
		};
/* End XCBuildConfiguration section */

/* Begin XCConfigurationList section */
		00E357021AD99517003FC87E /* Build configuration list for PBXNativeTarget "AwesomeProjectTests" */ = {
			isa = XCConfigurationList;
			buildConfigurations = (
				00E356F61AD99517003FC87E /* Debug */,
				00E356F71AD99517003FC87E /* Release */,
			);
			defaultConfigurationIsVisible = 0;
			defaultConfigurationName = Release;
		};
		13B07F931A680F5B00A75B9A /* Build configuration list for PBXNativeTarget "AwesomeProject" */ = {
			isa = XCConfigurationList;
			buildConfigurations = (
				13B07F941A680F5B00A75B9A /* Debug */,
				13B07F951A680F5B00A75B9A /* Release */,
			);
			defaultConfigurationIsVisible = 0;
			defaultConfigurationName = Release;
		};
		83CBB9FA1A601CBA00E9B192 /* Build configuration list for PBXProject "AwesomeProject" */ = {
			isa = XCConfigurationList;
			buildConfigurations = (
				83CBBA201A601CBA00E9B192 /* Debug */,
				83CBBA211A601CBA00E9B192 /* Release */,
			);
			defaultConfigurationIsVisible = 0;
			defaultConfigurationName = Release;
		};
/* End XCConfigurationList section */
	};
	rootObject = 83CBB9F71A601CBA00E9B192 /* Project object */;
}
